
Microsoft Visual Studio Solution File, Format Version 12.00
# Visual Studio Version 17
VisualStudioVersion = 17.9.34622.214
MinimumVisualStudioVersion = 10.0.40219.1
Project("{FAE04EC0-301F-11D3-BF4B-00C04F79EFBC}") = "book-store", "book-store\book-store.csproj", "{FAC705DE-3C92-46D6-A352-ED01B96B6FFD}"
EndProject
Global
	GlobalSection(SolutionConfigurationPlatforms) = preSolution
		Debug|Any CPU = Debug|Any CPU
		Release|Any CPU = Release|Any CPU
	EndGlobalSection
	GlobalSection(ProjectConfigurationPlatforms) = postSolution
		{FAC705DE-3C92-46D6-A352-ED01B96B6FFD}.Debug|Any CPU.ActiveCfg = Debug|Any CPU
		{FAC705DE-3C92-46D6-A352-ED01B96B6FFD}.Debug|Any CPU.Build.0 = Debug|Any CPU
		{FAC705DE-3C92-46D6-A352-ED01B96B6FFD}.Release|Any CPU.ActiveCfg = Release|Any CPU
		{FAC705DE-3C92-46D6-A352-ED01B96B6FFD}.Release|Any CPU.Build.0 = Release|Any CPU
	EndGlobalSection
	GlobalSection(SolutionProperties) = preSolution
		HideSolutionNode = FALSE
	EndGlobalSection
	GlobalSection(ExtensibilityGlobals) = postSolution
		SolutionGuid = {0CA2153D-D516-49FE-95CF-5155C59250C3}
	EndGlobalSection
EndGlobal
